
Microsoft Visual Studio Solution File, Format Version 12.00
# Visual Studio Version 17
VisualStudioVersion = 17.3.32901.215
MinimumVisualStudioVersion = 10.0.40219.1
Project("{FAE04EC0-301F-11D3-BF4B-00C04F79EFBC}") = "P6_1_1214079", "P6_1_1214079\P6_1_1214079.csproj", "{0BDAE99B-049A-452E-A2B9-E38A60279D50}"
EndProject
Global
	GlobalSection(SolutionConfigurationPlatforms) = preSolution
		Debug|Any CPU = Debug|Any CPU
		Release|Any CPU = Release|Any CPU
	EndGlobalSection
	GlobalSection(ProjectConfigurationPlatforms) = postSolution
		{0BDAE99B-049A-452E-A2B9-E38A60279D50}.Debug|Any CPU.ActiveCfg = Debug|Any CPU
		{0BDAE99B-049A-452E-A2B9-E38A60279D50}.Debug|Any CPU.Build.0 = Debug|Any CPU
		{0BDAE99B-049A-452E-A2B9-E38A60279D50}.Release|Any CPU.ActiveCfg = Release|Any CPU
		{0BDAE99B-049A-452E-A2B9-E38A60279D50}.Release|Any CPU.Build.0 = Release|Any CPU
	EndGlobalSection
	GlobalSection(SolutionProperties) = preSolution
		HideSolutionNode = FALSE
	EndGlobalSection
	GlobalSection(ExtensibilityGlobals) = postSolution
		SolutionGuid = {DE000EB3-6AEE-48D9-B112-D86B6A6821EB}
	EndGlobalSection
EndGlobal
